
Microsoft Visual Studio Solution File, Format Version 12.00
# Visual Studio Version 17
VisualStudioVersion = 17.7.34221.43
MinimumVisualStudioVersion = 10.0.40219.1
Project("{FAE04EC0-301F-11D3-BF4B-00C04F79EFBC}") = "FortniteFiddler", "FortniteFiddler\FortniteFiddler.csproj", "{646C7324-F101-4F5E-B0F8-F1E4117A6A47}"
EndProject
Global
	GlobalSection(SolutionConfigurationPlatforms) = preSolution
		Debug|Any CPU = Debug|Any CPU
		Release|Any CPU = Release|Any CPU
	EndGlobalSection
	GlobalSection(ProjectConfigurationPlatforms) = postSolution
		{646C7324-F101-4F5E-B0F8-F1E4117A6A47}.Debug|Any CPU.ActiveCfg = Debug|Any CPU
		{646C7324-F101-4F5E-B0F8-F1E4117A6A47}.Debug|Any CPU.Build.0 = Debug|Any CPU
		{646C7324-F101-4F5E-B0F8-F1E4117A6A47}.Release|Any CPU.ActiveCfg = Release|Any CPU
		{646C7324-F101-4F5E-B0F8-F1E4117A6A47}.Release|Any CPU.Build.0 = Release|Any CPU
	EndGlobalSection
	GlobalSection(SolutionProperties) = preSolution
		HideSolutionNode = FALSE
	EndGlobalSection
	GlobalSection(ExtensibilityGlobals) = postSolution
		SolutionGuid = {24A7F747-3A30-4B09-8FF5-B318B23E46B3}
	EndGlobalSection
EndGlobal
